// !$*UTF8*$!
{
	archiveVersion = 1;
	classes = {
	};
	objectVersion = 48;
	objects = {

/* Begin PBXBuildFile section */
		1099D854203EABBF007CC119 /* AppDelegate.swift in Sources */ = {isa = PBXBuildFile; fileRef = 1099D853203EABBF007CC119 /* AppDelegate.swift */; };
		1099D856203EABBF007CC119 /* ViewController.swift in Sources */ = {isa = PBXBuildFile; fileRef = 1099D855203EABBF007CC119 /* ViewController.swift */; };
		1099D859203EABBF007CC119 /* Main.storyboard in Resources */ = {isa = PBXBuildFile; fileRef = 1099D857203EABBF007CC119 /* Main.storyboard */; };
		1099D85B203EABBF007CC119 /* Assets.xcassets in Resources */ = {isa = PBXBuildFile; fileRef = 1099D85A203EABBF007CC119 /* Assets.xcassets */; };
		1099D85E203EABBF007CC119 /* LaunchScreen.storyboard in Resources */ = {isa = PBXBuildFile; fileRef = 1099D85C203EABBF007CC119 /* LaunchScreen.storyboard */; };
		1099D867203EAC11007CC119 /* MK_CameraView.swift in Sources */ = {isa = PBXBuildFile; fileRef = 1099D866203EAC11007CC119 /* MK_CameraView.swift */; };
		1099D86B203EB49D007CC119 /* MK_CameraDelegate.swift in Sources */ = {isa = PBXBuildFile; fileRef = 1099D86A203EB49D007CC119 /* MK_CameraDelegate.swift */; };
		1099D86D203EBA4C007CC119 /* MK_Detector.swift in Sources */ = {isa = PBXBuildFile; fileRef = 1099D86C203EBA4C007CC119 /* MK_Detector.swift */; };
		1099D86F203EBB00007CC119 /* MK_CameraConfigurations.swift in Sources */ = {isa = PBXBuildFile; fileRef = 1099D86E203EBB00007CC119 /* MK_CameraConfigurations.swift */; };
		1099D871203EBCF7007CC119 /* MK_RespValue.swift in Sources */ = {isa = PBXBuildFile; fileRef = 1099D870203EBCF7007CC119 /* MK_RespValue.swift */; };
/* End PBXBuildFile section */

/* Begin PBXFileReference section */
		1099D850203EABBF007CC119 /* MK_Camera.app */ = {isa = PBXFileReference; explicitFileType = wrapper.application; includeInIndex = 0; path = MK_Camera.app; sourceTree = BUILT_PRODUCTS_DIR; };
		1099D853203EABBF007CC119 /* AppDelegate.swift */ = {isa = PBXFileReference; lastKnownFileType = sourcecode.swift; path = AppDelegate.swift; sourceTree = "<group>"; };
		1099D855203EABBF007CC119 /* ViewController.swift */ = {isa = PBXFileReference; lastKnownFileType = sourcecode.swift; path = ViewController.swift; sourceTree = "<group>"; };
		1099D858203EABBF007CC119 /* Base */ = {isa = PBXFileReference; lastKnownFileType = file.storyboard; name = Base; path = Base.lproj/Main.storyboard; sourceTree = "<group>"; };
		1099D85A203EABBF007CC119 /* Assets.xcassets */ = {isa = PBXFileReference; lastKnownFileType = folder.assetcatalog; path = Assets.xcassets; sourceTree = "<group>"; };
		1099D85D203EABBF007CC119 /* Base */ = {isa = PBXFileReference; lastKnownFileType = file.storyboard; name = Base; path = Base.lproj/LaunchScreen.storyboard; sourceTree = "<group>"; };
		1099D85F203EABBF007CC119 /* Info.plist */ = {isa = PBXFileReference; lastKnownFileType = text.plist.xml; path = Info.plist; sourceTree = "<group>"; };
		1099D866203EAC11007CC119 /* MK_CameraView.swift */ = {isa = PBXFileReference; lastKnownFileType = sourcecode.swift; path = MK_CameraView.swift; sourceTree = "<group>"; };
		1099D86A203EB49D007CC119 /* MK_CameraDelegate.swift */ = {isa = PBXFileReference; lastKnownFileType = sourcecode.swift; path = MK_CameraDelegate.swift; sourceTree = "<group>"; };
		1099D86C203EBA4C007CC119 /* MK_Detector.swift */ = {isa = PBXFileReference; fileEncoding = 4; lastKnownFileType = sourcecode.swift; path = MK_Detector.swift; sourceTree = "<group>"; };
		1099D86E203EBB00007CC119 /* MK_CameraConfigurations.swift */ = {isa = PBXFileReference; lastKnownFileType = sourcecode.swift; path = MK_CameraConfigurations.swift; sourceTree = "<group>"; };
		1099D870203EBCF7007CC119 /* MK_RespValue.swift */ = {isa = PBXFileReference; lastKnownFileType = sourcecode.swift; path = MK_RespValue.swift; sourceTree = "<group>"; };
/* End PBXFileReference section */

/* Begin PBXFrameworksBuildPhase section */
		1099D84D203EABBF007CC119 /* Frameworks */ = {
			isa = PBXFrameworksBuildPhase;
			buildActionMask = 2147483647;
			files = (
			);
			runOnlyForDeploymentPostprocessing = 0;
		};
/* End PBXFrameworksBuildPhase section */

/* Begin PBXGroup section */
		1099D847203EABBF007CC119 = {
			isa = PBXGroup;
			children = (
				1099D852203EABBF007CC119 /* MK_Camera */,
				1099D851203EABBF007CC119 /* Products */,
			);
			sourceTree = "<group>";
		};
		1099D851203EABBF007CC119 /* Products */ = {
			isa = PBXGroup;
			children = (
				1099D850203EABBF007CC119 /* MK_Camera.app */,
			);
			name = Products;
			sourceTree = "<group>";
		};
		1099D852203EABBF007CC119 /* MK_Camera */ = {
			isa = PBXGroup;
			children = (
				1099D865203EABE6007CC119 /* Classes */,
				1099D853203EABBF007CC119 /* AppDelegate.swift */,
				1099D855203EABBF007CC119 /* ViewController.swift */,
				1099D857203EABBF007CC119 /* Main.storyboard */,
				1099D85A203EABBF007CC119 /* Assets.xcassets */,
				1099D85C203EABBF007CC119 /* LaunchScreen.storyboard */,
				1099D85F203EABBF007CC119 /* Info.plist */,
			);
			path = MK_Camera;
			sourceTree = "<group>";
		};
		1099D865203EABE6007CC119 /* Classes */ = {
			isa = PBXGroup;
			children = (
				1099D866203EAC11007CC119 /* MK_CameraView.swift */,
				1099D86E203EBB00007CC119 /* MK_CameraConfigurations.swift */,
				1099D86C203EBA4C007CC119 /* MK_Detector.swift */,
				1099D86A203EB49D007CC119 /* MK_CameraDelegate.swift */,
				1099D870203EBCF7007CC119 /* MK_RespValue.swift */,
			);
			path = Classes;
			sourceTree = "<group>";
		};
/* End PBXGroup section */

/* Begin PBXNativeTarget section */
		1099D84F203EABBF007CC119 /* MK_Camera */ = {
			isa = PBXNativeTarget;
			buildConfigurationList = 1099D862203EABBF007CC119 /* Build configuration list for PBXNativeTarget "MK_Camera" */;
			buildPhases = (
				1099D84C203EABBF007CC119 /* Sources */,
				1099D84D203EABBF007CC119 /* Frameworks */,
				1099D84E203EABBF007CC119 /* Resources */,
			);
			buildRules = (
			);
			dependencies = (
			);
			name = MK_Camera;
			productName = MK_Camera;
			productReference = 1099D850203EABBF007CC119 /* MK_Camera.app */;
			productType = "com.apple.product-type.application";
		};
/* End PBXNativeTarget section */

/* Begin PBXProject section */
		1099D848203EABBF007CC119 /* Project object */ = {
			isa = PBXProject;
			attributes = {
				LastSwiftUpdateCheck = 0920;
				LastUpgradeCheck = 0920;
				ORGANIZATIONNAME = MBP;
				TargetAttributes = {
					1099D84F203EABBF007CC119 = {
						CreatedOnToolsVersion = 9.2;
						ProvisioningStyle = Automatic;
					};
				};
			};
			buildConfigurationList = 1099D84B203EABBF007CC119 /* Build configuration list for PBXProject "MK_Camera" */;
			compatibilityVersion = "Xcode 8.0";
			developmentRegion = en;
			hasScannedForEncodings = 0;
			knownRegions = (
				en,
				Base,
			);
			mainGroup = 1099D847203EABBF007CC119;
			productRefGroup = 1099D851203EABBF007CC119 /* Products */;
			projectDirPath = "";
			projectRoot = "";
			targets = (
				1099D84F203EABBF007CC119 /* MK_Camera */,
			);
		};
/* End PBXProject section */

/* Begin PBXResourcesBuildPhase section */
		1099D84E203EABBF007CC119 /* Resources */ = {
			isa = PBXResourcesBuildPhase;
			buildActionMask = 2147483647;
			files = (
				1099D85E203EABBF007CC119 /* LaunchScreen.storyboard in Resources */,
				1099D85B203EABBF007CC119 /* Assets.xcassets in Resources */,
				1099D859203EABBF007CC119 /* Main.storyboard in Resources */,
			);
			runOnlyForDeploymentPostprocessing = 0;
		};
/* End PBXResourcesBuildPhase section */

/* Begin PBXSourcesBuildPhase section */
		1099D84C203EABBF007CC119 /* Sources */ = {
			isa = PBXSourcesBuildPhase;
			buildActionMask = 2147483647;
			files = (
				1099D86D203EBA4C007CC119 /* MK_Detector.swift in Sources */,
				1099D86F203EBB00007CC119 /* MK_CameraConfigurations.swift in Sources */,
				1099D871203EBCF7007CC119 /* MK_RespValue.swift in Sources */,
				1099D856203EABBF007CC119 /* ViewController.swift in Sources */,
				1099D867203EAC11007CC119 /* MK_CameraView.swift in Sources */,
				1099D854203EABBF007CC119 /* AppDelegate.swift in Sources */,
				1099D86B203EB49D007CC119 /* MK_CameraDelegate.swift in Sources */,
			);
			runOnlyForDeploymentPostprocessing = 0;
		};
/* End PBXSourcesBuildPhase section */

/* Begin PBXVariantGroup section */
		1099D857203EABBF007CC119 /* Main.storyboard */ = {
			isa = PBXVariantGroup;
			children = (
				1099D858203EABBF007CC119 /* Base */,
			);
			name = Main.storyboard;
			sourceTree = "<group>";
		};
		1099D85C203EABBF007CC119 /* LaunchScreen.storyboard */ = {
			isa = PBXVariantGroup;
			children = (
				1099D85D203EABBF007CC119 /* Base */,
			);
			name = LaunchScreen.storyboard;
			sourceTree = "<group>";
		};
/* End PBXVariantGroup section */

/* Begin XCBuildConfiguration section */
		1099D860203EABBF007CC119 /* Debug */ = {
			isa = XCBuildConfiguration;
			buildSettings = {
				ALWAYS_SEARCH_USER_PATHS = NO;
				CLANG_ANALYZER_NONNULL = YES;
				CLANG_ANALYZER_NUMBER_OBJECT_CONVERSION = YES_AGGRESSIVE;
				CLANG_CXX_LANGUAGE_STANDARD = "gnu++14";
				CLANG_CXX_LIBRARY = "libc++";
				CLANG_ENABLE_MODULES = YES;
				CLANG_ENABLE_OBJC_ARC = YES;
				CLANG_WARN_BLOCK_CAPTURE_AUTORELEASING = YES;
				CLANG_WARN_BOOL_CONVERSION = YES;
				CLANG_WARN_COMMA = YES;
				CLANG_WARN_CONSTANT_CONVERSION = YES;
				CLANG_WARN_DIRECT_OBJC_ISA_USAGE = YES_ERROR;
				CLANG_WARN_DOCUMENTATION_COMMENTS = YES;
				CLANG_WARN_EMPTY_BODY = YES;
				CLANG_WARN_ENUM_CONVERSION = YES;
				CLANG_WARN_INFINITE_RECURSION = YES;
				CLANG_WARN_INT_CONVERSION = YES;
				CLANG_WARN_NON_LITERAL_NULL_CONVERSION = YES;
				CLANG_WARN_OBJC_LITERAL_CONVERSION = YES;
				CLANG_WARN_OBJC_ROOT_CLASS = YES_ERROR;
				CLANG_WARN_RANGE_LOOP_ANALYSIS = YES;
				CLANG_WARN_STRICT_PROTOTYPES = YES;
				CLANG_WARN_SUSPICIOUS_MOVE = YES;
				CLANG_WARN_UNGUARDED_AVAILABILITY = YES_AGGRESSIVE;
				CLANG_WARN_UNREACHABLE_CODE = YES;
				CLANG_WARN__DUPLICATE_METHOD_MATCH = YES;
				CODE_SIGN_IDENTITY = "iPhone Developer";
				COPY_PHASE_STRIP = NO;
				DEBUG_INFORMATION_FORMAT = dwarf;
				ENABLE_STRICT_OBJC_MSGSEND = YES;
				ENABLE_TESTABILITY = YES;
				GCC_C_LANGUAGE_STANDARD = gnu11;
				GCC_DYNAMIC_NO_PIC = NO;
				GCC_NO_COMMON_BLOCKS = YES;
				GCC_OPTIMIZATION_LEVEL = 0;
				GCC_PREPROCESSOR_DEFINITIONS = (
					"DEBUG=1",
					"$(inherited)",
				);
				GCC_WARN_64_TO_32_BIT_CONVERSION = YES;
				GCC_WARN_ABOUT_RETURN_TYPE = YES_ERROR;
				GCC_WARN_UNDECLARED_SELECTOR = YES;
				GCC_WARN_UNINITIALIZED_AUTOS = YES_AGGRESSIVE;
				GCC_WARN_UNUSED_FUNCTION = YES;
				GCC_WARN_UNUSED_VARIABLE = YES;
				IPHONEOS_DEPLOYMENT_TARGET = 11.2;
				MTL_ENABLE_DEBUG_INFO = YES;
				ONLY_ACTIVE_ARCH = YES;
				SDKROOT = iphoneos;
				SWIFT_ACTIVE_COMPILATION_CONDITIONS = DEBUG;
				SWIFT_OPTIMIZATION_LEVEL = "-Onone";
			};
			name = Debug;
		};
		1099D861203EABBF007CC119 /* Release */ = {
			isa = XCBuildConfiguration;
			buildSettings = {
				ALWAYS_SEARCH_USER_PATHS = NO;
				CLANG_ANALYZER_NONNULL = YES;
				CLANG_ANALYZER_NUMBER_OBJECT_CONVERSION = YES_AGGRESSIVE;
				CLANG_CXX_LANGUAGE_STANDARD = "gnu++14";
				CLANG_CXX_LIBRARY = "libc++";
				CLANG_ENABLE_MODULES = YES;
				CLANG_ENABLE_OBJC_ARC = YES;
				CLANG_WARN_BLOCK_CAPTURE_AUTORELEASING = YES;
				CLANG_WARN_BOOL_CONVERSION = YES;
				CLANG_WARN_COMMA = YES;
				CLANG_WARN_CONSTANT_CONVERSION = YES;
				CLANG_WARN_DIRECT_OBJC_ISA_USAGE = YES_ERROR;
				CLANG_WARN_DOCUMENTATION_COMMENTS = YES;
				CLANG_WARN_EMPTY_BODY = YES;
				CLANG_WARN_ENUM_CONVERSION = YES;
				CLANG_WARN_INFINITE_RECURSION = YES;
				CLANG_WARN_INT_CONVERSION = YES;
				CLANG_WARN_NON_LITERAL_NULL_CONVERSION = YES;
				CLANG_WARN_OBJC_LITERAL_CONVERSION = YES;
				CLANG_WARN_OBJC_ROOT_CLASS = YES_ERROR;
				CLANG_WARN_RANGE_LOOP_ANALYSIS = YES;
				CLANG_WARN_STRICT_PROTOTYPES = YES;
				CLANG_WARN_SUSPICIOUS_MOVE = YES;
				CLANG_WARN_UNGUARDED_AVAILABILITY = YES_AGGRESSIVE;
				CLANG_WARN_UNREACHABLE_CODE = YES;
				CLANG_WARN__DUPLICATE_METHOD_MATCH = YES;
				CODE_SIGN_IDENTITY = "iPhone Developer";
				COPY_PHASE_STRIP = NO;
				DEBUG_INFORMATION_FORMAT = "dwarf-with-dsym";
				ENABLE_NS_ASSERTIONS = NO;
				ENABLE_STRICT_OBJC_MSGSEND = YES;
				GCC_C_LANGUAGE_STANDARD = gnu11;
				GCC_NO_COMMON_BLOCKS = YES;
				GCC_WARN_64_TO_32_BIT_CONVERSION = YES;
				GCC_WARN_ABOUT_RETURN_TYPE = YES_ERROR;
				GCC_WARN_UNDECLARED_SELECTOR = YES;
				GCC_WARN_UNINITIALIZED_AUTOS = YES_AGGRESSIVE;
				GCC_WARN_UNUSED_FUNCTION = YES;
				GCC_WARN_UNUSED_VARIABLE = YES;
				IPHONEOS_DEPLOYMENT_TARGET = 11.2;
				MTL_ENABLE_DEBUG_INFO = NO;
				SDKROOT = iphoneos;
				SWIFT_OPTIMIZATION_LEVEL = "-Owholemodule";
				VALIDATE_PRODUCT = YES;
			};
			name = Release;
		};
		1099D863203EABBF007CC119 /* Debug */ = {
			isa = XCBuildConfiguration;
			buildSettings = {
				ASSETCATALOG_COMPILER_APPICON_NAME = AppIcon;
				CODE_SIGN_STYLE = Automatic;
				DEVELOPMENT_TEAM = S2M9W9G946;
				INFOPLIST_FILE = MK_Camera/Info.plist;
				IPHONEOS_DEPLOYMENT_TARGET = 9.0;
				LD_RUNPATH_SEARCH_PATHS = "$(inherited) @executable_path/Frameworks";
				PRODUCT_BUNDLE_IDENTIFIER = "com.leiqi.www.MK-Camera";
				PRODUCT_NAME = "$(TARGET_NAME)";
				SWIFT_VERSION = 4.0;
				TARGETED_DEVICE_FAMILY = "1,2";
			};
			name = Debug;
		};
		1099D864203EABBF007CC119 /* Release */ = {
			isa = XCBuildConfiguration;
			buildSettings = {
				ASSETCATALOG_COMPILER_APPICON_NAME = AppIcon;
				CODE_SIGN_STYLE = Automatic;
				DEVELOPMENT_TEAM = S2M9W9G946;
				INFOPLIST_FILE = MK_Camera/Info.plist;
				IPHONEOS_DEPLOYMENT_TARGET = 9.0;
				LD_RUNPATH_SEARCH_PATHS = "$(inherited) @executable_path/Frameworks";
				PRODUCT_BUNDLE_IDENTIFIER = "com.leiqi.www.MK-Camera";
				PRODUCT_NAME = "$(TARGET_NAME)";
				SWIFT_VERSION = 4.0;
				TARGETED_DEVICE_FAMILY = "1,2";
			};
			name = Release;
		};
/* End XCBuildConfiguration section */

/* Begin XCConfigurationList section */
		1099D84B203EABBF007CC119 /* Build configuration list for PBXProject "MK_Camera" */ = {
			isa = XCConfigurationList;
			buildConfigurations = (
				1099D860203EABBF007CC119 /* Debug */,
				1099D861203EABBF007CC119 /* Release */,
			);
			defaultConfigurationIsVisible = 0;
			defaultConfigurationName = Release;
		};
		1099D862203EABBF007CC119 /* Build configuration list for PBXNativeTarget "MK_Camera" */ = {
			isa = XCConfigurationList;
			buildConfigurations = (
				1099D863203EABBF007CC119 /* Debug */,
				1099D864203EABBF007CC119 /* Release */,
			);
			defaultConfigurationIsVisible = 0;
			defaultConfigurationName = Release;
		};
/* End XCConfigurationList section */
	};
	rootObject = 1099D848203EABBF007CC119 /* Project object */;
}
